github.com/absfs/absfs v0.0.0-20251109181304-77e2f9ac4448 h1:uN3Q47kmtV6TIGHZbrCbCf68jWmYDWyTcqq5JuoyON4=
github.com/absfs/absfs v0.0.0-20251109181304-77e2f9ac4448/go.mod h1:IvFD36FQcMxLLZNhs2Lms+Uosc0G3AJ2JHOJIz8E5d8=
github.com/absfs/fstesting v0.0.0-20251206231118-7a50ca2cce8a h1:XDf6hhmXiLj7WjXm0+6P5EM7TYV19cxFye0CJncyhzw=
github.com/absfs/fstesting v0.0.0-20251206231118-7a50ca2cce8a/go.mod h1:k+GNl+VG/teXQBkCH5vt+gzPtkDCQTjX+hTgpDnnqEs=
github.com/absfs/inode v0.0.2-0.20251124215006-bac3fa8943ab h1:6QoppJnYs2lh5FRADAo2GeR2SjyaVzCf6Q+BjqiZFpU=
github.com/absfs/inode v0.0.2-0.20251124215006-bac3fa8943ab/go.mod h1:98Uz4QOknMBXXWwXUIs2TzSwuz+9mbSAKASbwF1eld8=
github.com/absfs/lockfs v0.0.0-20251124210544-241704814c03 h1:CnVf8nV/DHhbspnqdiF/KYcenfIDT4zcNhJY7w3PdUE=
github.com/absfs/lockfs v0.0.0-20251124210544-241704814c03/go.mod h1:HVN3eRlj4K900z7171bfd7cUM2iyUM8q0YetQDgfbOY=
github.com/absfs/memfs v0.0.0-20251206214755-9447087b6f69 h1:wmbPhPoKng2Ffbezy66y/TcNMmzzusiCmCoBFl5seXs=
github.com/absfs/memfs v0.0.0-20251206214755-9447087b6f69/go.mod h1:8eT2CVOeCAZ9qLqqlEgnxze3wJMtD/iPtdtXPW+AFjc=
github.com/absfs/osfs v0.1.0-fastwalk h1:dEHAusiK/K8ROQgohL25q+cyqbiMXzSt1pgR3nbhNEg=
github.com/absfs/osfs v0.1.0-fastwalk/go.mod h1:IIzwVILCbb3j0VHjcAQ7Xwpdz1h57eUzZil7DCIel/c=
